
Microsoft Visual Studio Solution File, Format Version 12.00
# Visual Studio Version 16
VisualStudioVersion = 16.0.30011.22
MinimumVisualStudioVersion = 10.0.40219.1
Project("{9A19103F-16F7-4668-BE54-9A1E7A4F7556}") = "WebApp", "WebApp.csproj", "{9F62B76A-9EE0-4E45-9EB4-5BEBB0DE690D}"
EndProject
Global
	GlobalSection(SolutionConfigurationPlatforms) = preSolution
		Debug|Any CPU = Debug|Any CPU
		Release|Any CPU = Release|Any CPU
	EndGlobalSection
	GlobalSection(ProjectConfigurationPlatforms) = postSolution
		{9F62B76A-9EE0-4E45-9EB4-5BEBB0DE690D}.Debug|Any CPU.ActiveCfg = Debug|Any CPU
		{9F62B76A-9EE0-4E45-9EB4-5BEBB0DE690D}.Debug|Any CPU.Build.0 = Debug|Any CPU
		{9F62B76A-9EE0-4E45-9EB4-5BEBB0DE690D}.Release|Any CPU.ActiveCfg = Release|Any CPU
		{9F62B76A-9EE0-4E45-9EB4-5BEBB0DE690D}.Release|Any CPU.Build.0 = Release|Any CPU
	EndGlobalSection
	GlobalSection(SolutionProperties) = preSolution
		HideSolutionNode = FALSE
	EndGlobalSection
	GlobalSection(ExtensibilityGlobals) = postSolution
		SolutionGuid = {2E62C62C-91D8-4CA3-843C-FB9C2DE2043C}
	EndGlobalSection
EndGlobal
